
Microsoft Visual Studio Solution File, Format Version 12.00
# Visual Studio 14
VisualStudioVersion = 14.0.25420.1
MinimumVisualStudioVersion = 10.0.40219.1
Project("{FAE04EC0-301F-11D3-BF4B-00C04F79EFBC}") = "TestApp", "TestApp\TestApp.csproj", "{C4F23586-5BA8-4FF6-AD1F-781B7DFFAA44}"
	ProjectSection(ProjectDependencies) = postProject
		{65767271-E5D8-4A26-82E0-45B9D7789D48} = {65767271-E5D8-4A26-82E0-45B9D7789D48}
	EndProjectSection
EndProject
Project("{FAE04EC0-301F-11D3-BF4B-00C04F79EFBC}") = "ManagedCSharp", "ManagedCSharp\ManagedCSharp.csproj", "{EC75C7DC-7E31-4E85-A6FA-FB33D66E94C6}"
EndProject
Project("{8BC9CEB8-8B4A-11D0-8D11-00A0C91BC942}") = "ManagedDLL", "ManagedDLL\ManagedDLL.vcxproj", "{5E6B5D12-2FB5-4C63-91BF-972D139ADFDC}"
EndProject
Project("{8BC9CEB8-8B4A-11D0-8D11-00A0C91BC942}") = "TVM920Vision", "DLL\DLL.vcxproj", "{65767271-E5D8-4A26-82E0-45B9D7789D48}"
	ProjectSection(ProjectDependencies) = postProject
		{5E6B5D12-2FB5-4C63-91BF-972D139ADFDC} = {5E6B5D12-2FB5-4C63-91BF-972D139ADFDC}
	EndProjectSection
EndProject
Global
	GlobalSection(SolutionConfigurationPlatforms) = preSolution
		Debug|Any CPU = Debug|Any CPU
		Debug|ARM = Debug|ARM
		Debug|x64 = Debug|x64
		Debug|x86 = Debug|x86
		Release|Any CPU = Release|Any CPU
		Release|ARM = Release|ARM
		Release|x64 = Release|x64
		Release|x86 = Release|x86
	EndGlobalSection
	GlobalSection(ProjectConfigurationPlatforms) = postSolution
		{C4F23586-5BA8-4FF6-AD1F-781B7DFFAA44}.Debug|Any CPU.ActiveCfg = Debug|Any CPU
		{C4F23586-5BA8-4FF6-AD1F-781B7DFFAA44}.Debug|Any CPU.Build.0 = Debug|Any CPU
		{C4F23586-5BA8-4FF6-AD1F-781B7DFFAA44}.Debug|ARM.ActiveCfg = Debug|Any CPU
		{C4F23586-5BA8-4FF6-AD1F-781B7DFFAA44}.Debug|ARM.Build.0 = Debug|Any CPU
		{C4F23586-5BA8-4FF6-AD1F-781B7DFFAA44}.Debug|x64.ActiveCfg = Debug|Any CPU
		{C4F23586-5BA8-4FF6-AD1F-781B7DFFAA44}.Debug|x64.Build.0 = Debug|Any CPU
		{C4F23586-5BA8-4FF6-AD1F-781B7DFFAA44}.Debug|x86.ActiveCfg = Debug|Any CPU
		{C4F23586-5BA8-4FF6-AD1F-781B7DFFAA44}.Debug|x86.Build.0 = Debug|Any CPU
		{C4F23586-5BA8-4FF6-AD1F-781B7DFFAA44}.Release|Any CPU.ActiveCfg = Release|Any CPU
		{C4F23586-5BA8-4FF6-AD1F-781B7DFFAA44}.Release|Any CPU.Build.0 = Release|Any CPU
		{C4F23586-5BA8-4FF6-AD1F-781B7DFFAA44}.Release|ARM.ActiveCfg = Release|Any CPU
		{C4F23586-5BA8-4FF6-AD1F-781B7DFFAA44}.Release|ARM.Build.0 = Release|Any CPU
		{C4F23586-5BA8-4FF6-AD1F-781B7DFFAA44}.Release|x64.ActiveCfg = Release|Any CPU
		{C4F23586-5BA8-4FF6-AD1F-781B7DFFAA44}.Release|x64.Build.0 = Release|Any CPU
		{C4F23586-5BA8-4FF6-AD1F-781B7DFFAA44}.Release|x86.ActiveCfg = Release|Any CPU
		{C4F23586-5BA8-4FF6-AD1F-781B7DFFAA44}.Release|x86.Build.0 = Release|Any CPU
		{EC75C7DC-7E31-4E85-A6FA-FB33D66E94C6}.Debug|Any CPU.ActiveCfg = Debug|Any CPU
		{EC75C7DC-7E31-4E85-A6FA-FB33D66E94C6}.Debug|Any CPU.Build.0 = Debug|Any CPU
		{EC75C7DC-7E31-4E85-A6FA-FB33D66E94C6}.Debug|ARM.ActiveCfg = Debug|Any CPU
		{EC75C7DC-7E31-4E85-A6FA-FB33D66E94C6}.Debug|ARM.Build.0 = Debug|Any CPU
		{EC75C7DC-7E31-4E85-A6FA-FB33D66E94C6}.Debug|x64.ActiveCfg = Debug|Any CPU
		{EC75C7DC-7E31-4E85-A6FA-FB33D66E94C6}.Debug|x64.Build.0 = Debug|Any CPU
		{EC75C7DC-7E31-4E85-A6FA-FB33D66E94C6}.Debug|x86.ActiveCfg = Debug|Any CPU
		{EC75C7DC-7E31-4E85-A6FA-FB33D66E94C6}.Debug|x86.Build.0 = Debug|Any CPU
		{EC75C7DC-7E31-4E85-A6FA-FB33D66E94C6}.Release|Any CPU.ActiveCfg = Release|Any CPU
		{EC75C7DC-7E31-4E85-A6FA-FB33D66E94C6}.Release|Any CPU.Build.0 = Release|Any CPU
		{EC75C7DC-7E31-4E85-A6FA-FB33D66E94C6}.Release|ARM.ActiveCfg = Release|Any CPU
		{EC75C7DC-7E31-4E85-A6FA-FB33D66E94C6}.Release|ARM.Build.0 = Release|Any CPU
		{EC75C7DC-7E31-4E85-A6FA-FB33D66E94C6}.Release|x64.ActiveCfg = Release|Any CPU
		{EC75C7DC-7E31-4E85-A6FA-FB33D66E94C6}.Release|x64.Build.0 = Release|Any CPU
		{EC75C7DC-7E31-4E85-A6FA-FB33D66E94C6}.Release|x86.ActiveCfg = Release|Any CPU
		{EC75C7DC-7E31-4E85-A6FA-FB33D66E94C6}.Release|x86.Build.0 = Release|Any CPU
		{5E6B5D12-2FB5-4C63-91BF-972D139ADFDC}.Debug|Any CPU.ActiveCfg = Debug|Win32
		{5E6B5D12-2FB5-4C63-91BF-972D139ADFDC}.Debug|Any CPU.Build.0 = Debug|Win32
		{5E6B5D12-2FB5-4C63-91BF-972D139ADFDC}.Debug|ARM.ActiveCfg = Debug|Win32
		{5E6B5D12-2FB5-4C63-91BF-972D139ADFDC}.Debug|ARM.Build.0 = Debug|Win32
		{5E6B5D12-2FB5-4C63-91BF-972D139ADFDC}.Debug|x64.ActiveCfg = Debug|x64
		{5E6B5D12-2FB5-4C63-91BF-972D139ADFDC}.Debug|x64.Build.0 = Debug|x64
		{5E6B5D12-2FB5-4C63-91BF-972D139ADFDC}.Debug|x86.ActiveCfg = Debug|Win32
		{5E6B5D12-2FB5-4C63-91BF-972D139ADFDC}.Debug|x86.Build.0 = Debug|Win32
		{5E6B5D12-2FB5-4C63-91BF-972D139ADFDC}.Release|Any CPU.ActiveCfg = Release|Win32
		{5E6B5D12-2FB5-4C63-91BF-972D139ADFDC}.Release|ARM.ActiveCfg = Release|Win32
		{5E6B5D12-2FB5-4C63-91BF-972D139ADFDC}.Release|x64.ActiveCfg = Release|x64
		{5E6B5D12-2FB5-4C63-91BF-972D139ADFDC}.Release|x64.Build.0 = Release|x64
		{5E6B5D12-2FB5-4C63-91BF-972D139ADFDC}.Release|x86.ActiveCfg = Release|Win32
		{5E6B5D12-2FB5-4C63-91BF-972D139ADFDC}.Release|x86.Build.0 = Release|Win32
		{65767271-E5D8-4A26-82E0-45B9D7789D48}.Debug|Any CPU.ActiveCfg = Debug|Win32
		{65767271-E5D8-4A26-82E0-45B9D7789D48}.Debug|Any CPU.Build.0 = Debug|Win32
		{65767271-E5D8-4A26-82E0-45B9D7789D48}.Debug|ARM.ActiveCfg = Debug|Win32
		{65767271-E5D8-4A26-82E0-45B9D7789D48}.Debug|x64.ActiveCfg = Debug|x64
		{65767271-E5D8-4A26-82E0-45B9D7789D48}.Debug|x64.Build.0 = Debug|x64
		{65767271-E5D8-4A26-82E0-45B9D7789D48}.Debug|x86.ActiveCfg = Debug|Win32
		{65767271-E5D8-4A26-82E0-45B9D7789D48}.Debug|x86.Build.0 = Debug|Win32
		{65767271-E5D8-4A26-82E0-45B9D7789D48}.Release|Any CPU.ActiveCfg = Release|Win32
		{65767271-E5D8-4A26-82E0-45B9D7789D48}.Release|ARM.ActiveCfg = Release|Win32
		{65767271-E5D8-4A26-82E0-45B9D7789D48}.Release|x64.ActiveCfg = Release|x64
		{65767271-E5D8-4A26-82E0-45B9D7789D48}.Release|x64.Build.0 = Release|x64
		{65767271-E5D8-4A26-82E0-45B9D7789D48}.Release|x86.ActiveCfg = Release|Win32
		{65767271-E5D8-4A26-82E0-45B9D7789D48}.Release|x86.Build.0 = Release|Win32
	EndGlobalSection
	GlobalSection(SolutionProperties) = preSolution
		HideSolutionNode = FALSE
	EndGlobalSection
EndGlobal
